{
  "object": {
    "pins": [
      {
        "package": "swift-task-queue",
        "repositoryURL": "https://github.com/Frizlab/swift-task-queue.git",
        "state": {
          "branch": null,
          "revision": "1717f7244c75c3619d5f7f82bdb0d89f54ab3311",
          "version": "1.0.0"
        }
      }
    ]
  },
  "version": 1
}
