{
  "object": {
    "pins": [
      {
        "package": "swift-task-queue",
        "repositoryURL": "https://github.com/Frizlab/swift-task-queue.git",
        "state": {
          "branch": null,
          "revision": "4f59fb8c9f02247f58fa48d9bfa55186a164c6da",
          "version": "1.0.1"
        }
      }
    ]
  },
  "version": 1
}
